
Microsoft Visual Studio Solution File, Format Version 12.00
# Visual Studio Version 17
VisualStudioVersion = 17.9.34728.123
MinimumVisualStudioVersion = 10.0.40219.1
Project("{9A19103F-16F7-4668-BE54-9A1E7A4F7556}") = "comboBox", "WinFormsApp1\comboBox.csproj", "{B1831476-2015-4F8D-B548-D7E30B0F655B}"
EndProject
Global
	GlobalSection(SolutionConfigurationPlatforms) = preSolution
		Debug|Any CPU = Debug|Any CPU
		Release|Any CPU = Release|Any CPU
	EndGlobalSection
	GlobalSection(ProjectConfigurationPlatforms) = postSolution
		{B1831476-2015-4F8D-B548-D7E30B0F655B}.Debug|Any CPU.ActiveCfg = Debug|Any CPU
		{B1831476-2015-4F8D-B548-D7E30B0F655B}.Debug|Any CPU.Build.0 = Debug|Any CPU
		{B1831476-2015-4F8D-B548-D7E30B0F655B}.Release|Any CPU.ActiveCfg = Release|Any CPU
		{B1831476-2015-4F8D-B548-D7E30B0F655B}.Release|Any CPU.Build.0 = Release|Any CPU
	EndGlobalSection
	GlobalSection(SolutionProperties) = preSolution
		HideSolutionNode = FALSE
	EndGlobalSection
	GlobalSection(ExtensibilityGlobals) = postSolution
		SolutionGuid = {57BF88BD-203F-490B-8FC0-C720A2294929}
	EndGlobalSection
EndGlobal
